{
  "nodes": {
    "flake-parts": {
      "inputs": {
        "nixpkgs-lib": [
          "nixpkgs"
        ]
      },
      "locked": {
        "lastModified": 1787559586,
        "narHash": "sha256-onL0VLf9vPllmT0H/OlURIU5r5t5WIEl7t4tVNKT0Nw=",
        "owner": "hercules-ci",
        "repo": "flake-parts",
        "rev": "9d0d87172c374f89da73c1cfe6d81ae62feac1f1",
        "type": "github"
      },
      "original": {
        "owner": "hercules-ci",
        "repo": "flake-parts",
        "type": "github"
      }
    },
    "multiverse": {
      "locked": {
        "lastModified": 1787857250,
        "narHash": "sha256-3jPGj0n70b/0uDMkzpDsabGRRwlOgSsrH8nNLzGzq7c=",
        "owner": "fzakaria",
        "repo": "nixpkgs-multiverse",
        "rev": "ed426f4555a7ae6700ec1a2173933d997790677d",
        "type": "github"
      },
      "original": {
        "owner": "fzakaria",
        "repo": "nixpkgs-multiverse",
        "type": "github"
      }
    },
    "nixpkgs": {
      "locked": {
        "lastModified": 1787736819,
        "narHash": "sha256-IkjmqLoWzeqBAi1VIkdhDLMGjQDJ4suEDp59Zwxpswg=",
        "rev": "9fbb54b33e91ee4ca368e35a78e0613c720600b3",
        "type": "tarball",
        "url": "https://releases.nixos.org/nixos/unstable/nixos-26.11pre1062397.9fbb54b33e91/nixexprs.tar.xz"
      },
      "original": {
        "type": "tarball",
        "url": "https://channels.nixos.org/nixos-unstable/nixexprs.tar.xz"
      }
    },
    "root": {
      "inputs": {
        "flake-parts": "flake-parts",
        "multiverse": "multiverse",
        "nixpkgs": "nixpkgs",
        "systems": "systems"
      }
    },
    "systems": {
      "locked": {
        "lastModified": 1681028828,
        "narHash": "sha256-Vy1rq5AaRuLzOxct8nz4T6wlgyUR7zLU309k9mBC768=",
        "owner": "nix-systems",
        "repo": "default",
        "rev": "da67096a3b9bf56a91d16901293e51ba5b49a27e",
        "type": "github"
      },
      "original": {
        "owner": "nix-systems",
        "repo": "default",
        "type": "github"
      }
    }
  },
  "root": "root",
  "version": 7
}
