{
  "version": 1,
  "pins": {
    "go_1_27": {
      "rev": "56c02bc00adcf003215cc4bd996d6efaf4cff188",
      "label": "2026-08-23-56c02bc00adc",
      "version": "1.27.0",
      "date": "2026-08-23"
    },
    "golangci-lint": {
      "rev": "56c02bc00adcf003215cc4bd996d6efaf4cff188",
      "label": "2026-08-23-56c02bc00adc",
      "version": "2.13.1",
      "date": "2026-08-23"
    }
  }
}
